Microsoft Visual Studio Solution File, Format Version 12.00
# Visual Studio Version 17
VisualStudioVersion = 17.5.2.0
MinimumVisualStudioVersion = 10.0.40219.1
Project("{FAE04EC0-301F-11D3-BF4B-00C04F79EFBC}") = "Eventify.Tests", "Eventify.Tests.csproj", "{03B788A4-6176-BC40-F377-CCF41841ED31}"
EndProject
Global
	GlobalSection(SolutionConfigurationPlatforms) = preSolution
		Debug|Any CPU = Debug|Any CPU
		Release|Any CPU = Release|Any CPU
	EndGlobalSection
	GlobalSection(ProjectConfigurationPlatforms) = postSolution
		{03B788A4-6176-BC40-F377-CCF41841ED31}.Debug|Any CPU.ActiveCfg = Debug|Any CPU
		{03B788A4-6176-BC40-F377-CCF41841ED31}.Debug|Any CPU.Build.0 = Debug|Any CPU
		{03B788A4-6176-BC40-F377-CCF41841ED31}.Release|Any CPU.ActiveCfg = Release|Any CPU
		{03B788A4-6176-BC40-F377-CCF41841ED31}.Release|Any CPU.Build.0 = Release|Any CPU
	EndGlobalSection
	GlobalSection(SolutionProperties) = preSolution
		HideSolutionNode = FALSE
	EndGlobalSection
	GlobalSection(ExtensibilityGlobals) = postSolution
		SolutionGuid = {6D180217-52DD-414E-A85F-9E896B13AA9C}
	EndGlobalSection
EndGlobal
